
Microsoft Visual Studio Solution File, Format Version 12.00
# Visual Studio Version 17
VisualStudioVersion = 17.4.33122.133
MinimumVisualStudioVersion = 10.0.40219.1
Project("{2150E333-8FDC-42A3-9474-1A3956D46DE8}") = "Backend", "Backend", "{4705DC70-0D5D-476F-989C-6D1A01A4E3A1}"
EndProject
Project("{2150E333-8FDC-42A3-9474-1A3956D46DE8}") = "Frontend", "Frontend", "{A8B6BE49-2BB6-499C-9419-459F52861C91}"
EndProject
Project("{2150E333-8FDC-42A3-9474-1A3956D46DE8}") = "Services", "Services", "{8570ABD6-C4DD-4C42-AF87-23911FEB2F07}"
EndProject
Project("{2150E333-8FDC-42A3-9474-1A3956D46DE8}") = "Todos", "Todos", "{A2F40C28-8F5E-45DE-89D5-28210517B6C2}"
EndProject
Project("{2150E333-8FDC-42A3-9474-1A3956D46DE8}") = "Identity", "Identity", "{26878DB6-EE72-48C6-AE6A-7C6F987B9C69}"
EndProject
Project("{9A19103F-16F7-4668-BE54-9A1E7A4F7556}") = "IdentityAPI", "Backend\Services\Identity\IdentityAPI\IdentityAPI.csproj", "{30DDD2B9-A55D-4A12-84B4-D987939AAA2D}"
EndProject
Project("{9A19103F-16F7-4668-BE54-9A1E7A4F7556}") = "TodosAPI", "Backend\Services\Todos\TodosAPI\TodosAPI.csproj", "{03D2296F-ACD2-4E79-8470-C998D02F7BB5}"
EndProject
Project("{9A19103F-16F7-4668-BE54-9A1E7A4F7556}") = "Todos.Application", "Backend\Services\Todos\Todos.Application\Todos.Application.csproj", "{7C6FFF66-B209-4046-B8E1-EE1F48AEC7FF}"
EndProject
Project("{9A19103F-16F7-4668-BE54-9A1E7A4F7556}") = "Todos.Domain", "Backend\Services\Todos\Todos.Domain\Todos.Domain.csproj", "{3AC2E0B1-9082-423B-9761-2AA425831A25}"
EndProject
Project("{9A19103F-16F7-4668-BE54-9A1E7A4F7556}") = "Todos.Infastructure", "Backend\Services\Todos\Todos.Infastructure\Todos.Infastructure.csproj", "{3F886817-B4A5-4341-BEB8-04F70553398D}"
EndProject
Project("{9A19103F-16F7-4668-BE54-9A1E7A4F7556}") = "Identity.Application", "Backend\Services\Identity\Identity.Application\Identity.Application.csproj", "{5EF25343-D60E-4D0F-B403-786C385C4DBD}"
EndProject
Project("{9A19103F-16F7-4668-BE54-9A1E7A4F7556}") = "Identity.Infastructure", "Backend\Services\Identity\Identity.Infastructure\Identity.Infastructure.csproj", "{7465A7AF-4FAE-4F6F-8449-F8DD8F23F69C}"
EndProject
Project("{9A19103F-16F7-4668-BE54-9A1E7A4F7556}") = "Identity.Domain", "Backend\Services\Identity\Identity.Domain\Identity.Domain.csproj", "{6D471367-9D09-48AD-8CD1-D50CB5CAF5FE}"
EndProject
Project("{FAE04EC0-301F-11D3-BF4B-00C04F79EFBC}") = "APIGateway", "Backend\APIGateway\APIGateway.csproj", "{89D3DED7-99C2-48AD-81A1-76ABB72C1386}"
EndProject
Global
	GlobalSection(SolutionConfigurationPlatforms) = preSolution
		Debug|Any CPU = Debug|Any CPU
		Release|Any CPU = Release|Any CPU
	EndGlobalSection
	GlobalSection(ProjectConfigurationPlatforms) = postSolution
		{30DDD2B9-A55D-4A12-84B4-D987939AAA2D}.Debug|Any CPU.ActiveCfg = Debug|Any CPU
		{30DDD2B9-A55D-4A12-84B4-D987939AAA2D}.Debug|Any CPU.Build.0 = Debug|Any CPU
		{30DDD2B9-A55D-4A12-84B4-D987939AAA2D}.Release|Any CPU.ActiveCfg = Release|Any CPU
		{30DDD2B9-A55D-4A12-84B4-D987939AAA2D}.Release|Any CPU.Build.0 = Release|Any CPU
		{03D2296F-ACD2-4E79-8470-C998D02F7BB5}.Debug|Any CPU.ActiveCfg = Debug|Any CPU
		{03D2296F-ACD2-4E79-8470-C998D02F7BB5}.Debug|Any CPU.Build.0 = Debug|Any CPU
		{03D2296F-ACD2-4E79-8470-C998D02F7BB5}.Release|Any CPU.ActiveCfg = Release|Any CPU
		{03D2296F-ACD2-4E79-8470-C998D02F7BB5}.Release|Any CPU.Build.0 = Release|Any CPU
		{7C6FFF66-B209-4046-B8E1-EE1F48AEC7FF}.Debug|Any CPU.ActiveCfg = Debug|Any CPU
		{7C6FFF66-B209-4046-B8E1-EE1F48AEC7FF}.Debug|Any CPU.Build.0 = Debug|Any CPU
		{7C6FFF66-B209-4046-B8E1-EE1F48AEC7FF}.Release|Any CPU.ActiveCfg = Release|Any CPU
		{7C6FFF66-B209-4046-B8E1-EE1F48AEC7FF}.Release|Any CPU.Build.0 = Release|Any CPU
		{3AC2E0B1-9082-423B-9761-2AA425831A25}.Debug|Any CPU.ActiveCfg = Debug|Any CPU
		{3AC2E0B1-9082-423B-9761-2AA425831A25}.Debug|Any CPU.Build.0 = Debug|Any CPU
		{3AC2E0B1-9082-423B-9761-2AA425831A25}.Release|Any CPU.ActiveCfg = Release|Any CPU
		{3AC2E0B1-9082-423B-9761-2AA425831A25}.Release|Any CPU.Build.0 = Release|Any CPU
		{3F886817-B4A5-4341-BEB8-04F70553398D}.Debug|Any CPU.ActiveCfg = Debug|Any CPU
		{3F886817-B4A5-4341-BEB8-04F70553398D}.Debug|Any CPU.Build.0 = Debug|Any CPU
		{3F886817-B4A5-4341-BEB8-04F70553398D}.Release|Any CPU.ActiveCfg = Release|Any CPU
		{3F886817-B4A5-4341-BEB8-04F70553398D}.Release|Any CPU.Build.0 = Release|Any CPU
		{5EF25343-D60E-4D0F-B403-786C385C4DBD}.Debug|Any CPU.ActiveCfg = Debug|Any CPU
		{5EF25343-D60E-4D0F-B403-786C385C4DBD}.Debug|Any CPU.Build.0 = Debug|Any CPU
		{5EF25343-D60E-4D0F-B403-786C385C4DBD}.Release|Any CPU.ActiveCfg = Release|Any CPU
		{5EF25343-D60E-4D0F-B403-786C385C4DBD}.Release|Any CPU.Build.0 = Release|Any CPU
		{7465A7AF-4FAE-4F6F-8449-F8DD8F23F69C}.Debug|Any CPU.ActiveCfg = Debug|Any CPU
		{7465A7AF-4FAE-4F6F-8449-F8DD8F23F69C}.Debug|Any CPU.Build.0 = Debug|Any CPU
		{7465A7AF-4FAE-4F6F-8449-F8DD8F23F69C}.Release|Any CPU.ActiveCfg = Release|Any CPU
		{7465A7AF-4FAE-4F6F-8449-F8DD8F23F69C}.Release|Any CPU.Build.0 = Release|Any CPU
		{6D471367-9D09-48AD-8CD1-D50CB5CAF5FE}.Debug|Any CPU.ActiveCfg = Debug|Any CPU
		{6D471367-9D09-48AD-8CD1-D50CB5CAF5FE}.Debug|Any CPU.Build.0 = Debug|Any CPU
		{6D471367-9D09-48AD-8CD1-D50CB5CAF5FE}.Release|Any CPU.ActiveCfg = Release|Any CPU
		{6D471367-9D09-48AD-8CD1-D50CB5CAF5FE}.Release|Any CPU.Build.0 = Release|Any CPU
		{89D3DED7-99C2-48AD-81A1-76ABB72C1386}.Debug|Any CPU.ActiveCfg = Debug|Any CPU
		{89D3DED7-99C2-48AD-81A1-76ABB72C1386}.Debug|Any CPU.Build.0 = Debug|Any CPU
		{89D3DED7-99C2-48AD-81A1-76ABB72C1386}.Release|Any CPU.ActiveCfg = Release|Any CPU
		{89D3DED7-99C2-48AD-81A1-76ABB72C1386}.Release|Any CPU.Build.0 = Release|Any CPU
	EndGlobalSection
	GlobalSection(SolutionProperties) = preSolution
		HideSolutionNode = FALSE
	EndGlobalSection
	GlobalSection(NestedProjects) = preSolution
		{8570ABD6-C4DD-4C42-AF87-23911FEB2F07} = {4705DC70-0D5D-476F-989C-6D1A01A4E3A1}
		{A2F40C28-8F5E-45DE-89D5-28210517B6C2} = {8570ABD6-C4DD-4C42-AF87-23911FEB2F07}
		{26878DB6-EE72-48C6-AE6A-7C6F987B9C69} = {8570ABD6-C4DD-4C42-AF87-23911FEB2F07}
		{30DDD2B9-A55D-4A12-84B4-D987939AAA2D} = {26878DB6-EE72-48C6-AE6A-7C6F987B9C69}
		{03D2296F-ACD2-4E79-8470-C998D02F7BB5} = {A2F40C28-8F5E-45DE-89D5-28210517B6C2}
		{7C6FFF66-B209-4046-B8E1-EE1F48AEC7FF} = {A2F40C28-8F5E-45DE-89D5-28210517B6C2}
		{3AC2E0B1-9082-423B-9761-2AA425831A25} = {A2F40C28-8F5E-45DE-89D5-28210517B6C2}
		{3F886817-B4A5-4341-BEB8-04F70553398D} = {A2F40C28-8F5E-45DE-89D5-28210517B6C2}
		{5EF25343-D60E-4D0F-B403-786C385C4DBD} = {26878DB6-EE72-48C6-AE6A-7C6F987B9C69}
		{7465A7AF-4FAE-4F6F-8449-F8DD8F23F69C} = {26878DB6-EE72-48C6-AE6A-7C6F987B9C69}
		{6D471367-9D09-48AD-8CD1-D50CB5CAF5FE} = {26878DB6-EE72-48C6-AE6A-7C6F987B9C69}
		{89D3DED7-99C2-48AD-81A1-76ABB72C1386} = {4705DC70-0D5D-476F-989C-6D1A01A4E3A1}
	EndGlobalSection
	GlobalSection(ExtensibilityGlobals) = postSolution
		SolutionGuid = {7C12ED90-0E4C-45B4-885C-713E228226BC}
	EndGlobalSection
EndGlobal
